{
  "name": "windi",
  "version": "0.0.0",
  "lockfileVersion": 1,
  "requires": true,
  "dependencies": {
    "@antfu/utils": {
      "version": "0.3.0",
      "resolved": "http://r.npm.jintencent.com/@antfu%2futils/-/utils-0.3.0.tgz",
      "integrity": "sha1-YwbEO1Kog72Olz4+2N1kJIQYvMQ=",
      "dev": true,
      "requires": {
        "@types/throttle-debounce": "^2.1.0"
      }
    },
    "@babel/parser": {
      "version": "7.16.6",
      "resolved": "http://r.npm.jintencent.com/@babel%2fparser/-/parser-7.16.6.tgz",
      "integrity": "sha512-Gr86ujcNuPDnNOY8mi383Hvi8IYrJVJYuf3XcuBM/Dgd+bINn/7tHqsj+tKkoreMbmGsFLsltI/JJd8fOFWGDQ=="
    },
    "@nodelib/fs.scandir": {
      "version": "2.1.5",
      "resolved": "http://r.npm.jintencent.com/@nodelib%2ffs.scandir/-/fs.scandir-2.1.5.tgz",
      "integrity": "sha1-dhnC6yGyVIP20WdUi0z9WnSIw9U=",
      "dev": true,
      "requires": {
        "@nodelib/fs.stat": "2.0.5",
        "run-parallel": "^1.1.9"
      }
    },
    "@nodelib/fs.stat": {
      "version": "2.0.5",
      "resolved": "http://r.npm.jintencent.com/@nodelib%2ffs.stat/-/fs.stat-2.0.5.tgz",
      "integrity": "sha1-W9Jir5Tp0lvR5xsF3u1Eh2oiLos=",
      "dev": true
    },
    "@nodelib/fs.walk": {
      "version": "1.2.8",
      "resolved": "http://r.npm.jintencent.com/@nodelib%2ffs.walk/-/fs.walk-1.2.8.tgz",
      "integrity": "sha1-6Vc36LtnRt3t9pxVaVNJTxlv5po=",
      "dev": true,
      "requires": {
        "@nodelib/fs.scandir": "2.1.5",
        "fastq": "^1.6.0"
      }
    },
    "@types/throttle-debounce": {
      "version": "2.1.0",
      "resolved": "http://r.npm.jintencent.com/@types%2fthrottle-debounce/-/throttle-debounce-2.1.0.tgz",
      "integrity": "sha1-HD32JL/Eti+ZLTASuExW1B6rN3Y=",
      "dev": true
    },
    "@vitejs/plugin-vue": {
      "version": "2.0.1",
      "resolved": "http://r.npm.jintencent.com/@vitejs%2fplugin-vue/-/plugin-vue-2.0.1.tgz",
      "integrity": "sha512-wtdMnGVvys9K8tg+DxowU1ytTrdVveXr3LzdhaKakysgGXyrsfaeds2cDywtvujEASjWOwWL/OgWM+qoeM8Plg==",
      "dev": true
    },
    "@vue/compiler-core": {
      "version": "3.2.26",
      "resolved": "http://r.npm.jintencent.com/@vue%2fcompiler-core/-/compiler-core-3.2.26.tgz",
      "integrity": "sha512-N5XNBobZbaASdzY9Lga2D9Lul5vdCIOXvUMd6ThcN8zgqQhPKfCV+wfAJNNJKQkSHudnYRO2gEB+lp0iN3g2Tw==",
      "requires": {
        "@babel/parser": "^7.16.4",
        "@vue/shared": "3.2.26",
        "estree-walker": "^2.0.2",
        "source-map": "^0.6.1"
      }
    },
    "@vue/compiler-dom": {
      "version": "3.2.26",
      "resolved": "http://r.npm.jintencent.com/@vue%2fcompiler-dom/-/compiler-dom-3.2.26.tgz",
      "integrity": "sha512-smBfaOW6mQDxcT3p9TKT6mE22vjxjJL50GFVJiI0chXYGU/xzC05QRGrW3HHVuJrmLTLx5zBhsZ2dIATERbarg==",
      "requires": {
        "@vue/compiler-core": "3.2.26",
        "@vue/shared": "3.2.26"
      }
    },
    "@vue/compiler-sfc": {
      "version": "3.2.26",
      "resolved": "http://r.npm.jintencent.com/@vue%2fcompiler-sfc/-/compiler-sfc-3.2.26.tgz",
      "integrity": "sha512-ePpnfktV90UcLdsDQUh2JdiTuhV0Skv2iYXxfNMOK/F3Q+2BO0AulcVcfoksOpTJGmhhfosWfMyEaEf0UaWpIw==",
      "requires": {
        "@babel/parser": "^7.16.4",
        "@vue/compiler-core": "3.2.26",
        "@vue/compiler-dom": "3.2.26",
        "@vue/compiler-ssr": "3.2.26",
        "@vue/reactivity-transform": "3.2.26",
        "@vue/shared": "3.2.26",
        "estree-walker": "^2.0.2",
        "magic-string": "^0.25.7",
        "postcss": "^8.1.10",
        "source-map": "^0.6.1"
      }
    },
    "@vue/compiler-ssr": {
      "version": "3.2.26",
      "resolved": "http://r.npm.jintencent.com/@vue%2fcompiler-ssr/-/compiler-ssr-3.2.26.tgz",
      "integrity": "sha512-2mywLX0ODc4Zn8qBoA2PDCsLEZfpUGZcyoFRLSOjyGGK6wDy2/5kyDOWtf0S0UvtoyVq95OTSGIALjZ4k2q/ag==",
      "requires": {
        "@vue/compiler-dom": "3.2.26",
        "@vue/shared": "3.2.26"
      }
    },
    "@vue/reactivity": {
      "version": "3.2.26",
      "resolved": "http://r.npm.jintencent.com/@vue%2freactivity/-/reactivity-3.2.26.tgz",
      "integrity": "sha512-h38bxCZLW6oFJVDlCcAiUKFnXI8xP8d+eO0pcDxx+7dQfSPje2AO6M9S9QO6MrxQB7fGP0DH0dYQ8ksf6hrXKQ==",
      "requires": {
        "@vue/shared": "3.2.26"
      }
    },
    "@vue/reactivity-transform": {
      "version": "3.2.26",
      "resolved": "http://r.npm.jintencent.com/@vue%2freactivity-transform/-/reactivity-transform-3.2.26.tgz",
      "integrity": "sha512-XKMyuCmzNA7nvFlYhdKwD78rcnmPb7q46uoR00zkX6yZrUmcCQ5OikiwUEVbvNhL5hBJuvbSO95jB5zkUon+eQ==",
      "requires": {
        "@babel/parser": "^7.16.4",
        "@vue/compiler-core": "3.2.26",
        "@vue/shared": "3.2.26",
        "estree-walker": "^2.0.2",
        "magic-string": "^0.25.7"
      }
    },
    "@vue/runtime-core": {
      "version": "3.2.26",
      "resolved": "http://r.npm.jintencent.com/@vue%2fruntime-core/-/runtime-core-3.2.26.tgz",
      "integrity": "sha512-BcYi7qZ9Nn+CJDJrHQ6Zsmxei2hDW0L6AB4vPvUQGBm2fZyC0GXd/4nVbyA2ubmuhctD5RbYY8L+5GUJszv9mQ==",
      "requires": {
        "@vue/reactivity": "3.2.26",
        "@vue/shared": "3.2.26"
      }
    },
    "@vue/runtime-dom": {
      "version": "3.2.26",
      "resolved": "http://r.npm.jintencent.com/@vue%2fruntime-dom/-/runtime-dom-3.2.26.tgz",
      "integrity": "sha512-dY56UIiZI+gjc4e8JQBwAifljyexfVCkIAu/WX8snh8vSOt/gMSEGwPRcl2UpYpBYeyExV8WCbgvwWRNt9cHhQ==",
      "requires": {
        "@vue/runtime-core": "3.2.26",
        "@vue/shared": "3.2.26",
        "csstype": "^2.6.8"
      }
    },
    "@vue/server-renderer": {
      "version": "3.2.26",
      "resolved": "http://r.npm.jintencent.com/@vue%2fserver-renderer/-/server-renderer-3.2.26.tgz",
      "integrity": "sha512-Jp5SggDUvvUYSBIvYEhy76t4nr1vapY/FIFloWmQzn7UxqaHrrBpbxrqPcTrSgGrcaglj0VBp22BKJNre4aA1w==",
      "requires": {
        "@vue/compiler-ssr": "3.2.26",
        "@vue/shared": "3.2.26"
      }
    },
    "@vue/shared": {
      "version": "3.2.26",
      "resolved": "http://r.npm.jintencent.com/@vue%2fshared/-/shared-3.2.26.tgz",
      "integrity": "sha512-vPV6Cq+NIWbH5pZu+V+2QHE9y1qfuTq49uNWw4f7FDEeZaDU2H2cx5jcUZOAKW7qTrUS4k6qZPbMy1x4N96nbA=="
    },
    "@windicss/config": {
      "version": "1.6.1",
      "resolved": "http://r.npm.jintencent.com/@windicss%2fconfig/-/config-1.6.1.tgz",
      "integrity": "sha512-E4FKtWdYl5HwFknBQ+Z2JIF58TZiR4/ZiP8B30sfRxNlG6clh4agn5MJqTb4ER0MLkDb30Hugl2tGun0AQNbFw==",
      "dev": true,
      "requires": {
        "debug": "^4.3.3",
        "jiti": "^1.12.9",
        "windicss": "^3.4.0"
      }
    },
    "@windicss/plugin-utils": {
      "version": "1.6.1",
      "resolved": "http://r.npm.jintencent.com/@windicss%2fplugin-utils/-/plugin-utils-1.6.1.tgz",
      "integrity": "sha512-hFQY27bOr9SSpekIvSwBpIX25nR4cwrU5/1kJFqCwAzqyazvd7U9c/iI1E2sTEQOkPbpTTJkY2Act21Q70oSDQ==",
      "dev": true,
      "requires": {
        "@antfu/utils": "^0.3.0",
        "@windicss/config": "1.6.1",
        "debug": "^4.3.3",
        "fast-glob": "^3.2.7",
        "magic-string": "^0.25.7",
        "micromatch": "^4.0.4",
        "windicss": "^3.4.0"
      }
    },
    "braces": {
      "version": "3.0.2",
      "resolved": "http://r.npm.jintencent.com/braces/-/braces-3.0.2.tgz",
      "integrity": "sha1-NFThpGLujVmeI23zNs2epPiv4Qc=",
      "dev": true,
      "requires": {
        "fill-range": "^7.0.1"
      }
    },
    "csstype": {
      "version": "2.6.19",
      "resolved": "http://r.npm.jintencent.com/csstype/-/csstype-2.6.19.tgz",
      "integrity": "sha1-/utarokCC7OJ4fY2aaXtSQ45HKo="
    },
    "debug": {
      "version": "4.3.3",
      "resolved": "http://r.npm.jintencent.com/debug/-/debug-4.3.3.tgz",
      "integrity": "sha512-/zxw5+vh1Tfv+4Qn7a5nsbcJKPaSvCDhojn6FEl9vupwK2VCSDtEiEtqr8DFtzYFOdz63LBkxec7DYuc2jon6Q==",
      "dev": true,
      "requires": {
        "ms": "2.1.2"
      }
    },
    "esbuild": {
      "version": "0.13.15",
      "resolved": "http://r.npm.jintencent.com/esbuild/-/esbuild-0.13.15.tgz",
      "integrity": "sha1-21aogWbuNz+H27LYeY/0SeBFDN8=",
      "dev": true,
      "requires": {
        "esbuild-android-arm64": "0.13.15",
        "esbuild-darwin-64": "0.13.15",
        "esbuild-darwin-arm64": "0.13.15",
        "esbuild-freebsd-64": "0.13.15",
        "esbuild-freebsd-arm64": "0.13.15",
        "esbuild-linux-32": "0.13.15",
        "esbuild-linux-64": "0.13.15",
        "esbuild-linux-arm": "0.13.15",
        "esbuild-linux-arm64": "0.13.15",
        "esbuild-linux-mips64le": "0.13.15",
        "esbuild-linux-ppc64le": "0.13.15",
        "esbuild-netbsd-64": "0.13.15",
        "esbuild-openbsd-64": "0.13.15",
        "esbuild-sunos-64": "0.13.15",
        "esbuild-windows-32": "0.13.15",
        "esbuild-windows-64": "0.13.15",
        "esbuild-windows-arm64": "0.13.15"
      }
    },
    "esbuild-android-arm64": {
      "version": "0.13.15",
      "resolved": "http://r.npm.jintencent.com/esbuild-android-arm64/-/esbuild-android-arm64-0.13.15.tgz",
      "integrity": "sha1-P8P/C6t2/jXdI3R2tdKzK7IKPUQ=",
      "dev": true,
      "optional": true
    },
    "esbuild-darwin-64": {
      "version": "0.13.15",
      "resolved": "http://r.npm.jintencent.com/esbuild-darwin-64/-/esbuild-darwin-64-0.13.15.tgz",
      "integrity": "sha1-jpFpwWuvRE6s7GDQmyTRGyVajnI=",
      "dev": true,
      "optional": true
    },
    "esbuild-darwin-arm64": {
      "version": "0.13.15",
      "resolved": "http://r.npm.jintencent.com/esbuild-darwin-arm64/-/esbuild-darwin-arm64-0.13.15.tgz",
      "integrity": "sha1-Gwf4k7YyEU+AXhiN38pBsrd4Ipo=",
      "dev": true,
      "optional": true
    },
    "esbuild-freebsd-64": {
      "version": "0.13.15",
      "resolved": "http://r.npm.jintencent.com/esbuild-freebsd-64/-/esbuild-freebsd-64-0.13.15.tgz",
      "integrity": "sha1-C4t+yhaQyOyUx1aAw4wHJpwfSoU=",
      "dev": true,
      "optional": true
    },
    "esbuild-freebsd-arm64": {
      "version": "0.13.15",
      "resolved": "http://r.npm.jintencent.com/esbuild-freebsd-arm64/-/esbuild-freebsd-arm64-0.13.15.tgz",
      "integrity": "sha1-LhpsaWv9zSCplXi3Y1C0HbGTTlI=",
      "dev": true,
      "optional": true
    },
    "esbuild-linux-32": {
      "version": "0.13.15",
      "resolved": "http://r.npm.jintencent.com/esbuild-linux-32/-/esbuild-linux-32-0.13.15.tgz",
      "integrity": "sha1-b9OfNvxm3UW2tfUVcox7vrw0Kmk=",
      "dev": true,
      "optional": true
    },
    "esbuild-linux-64": {
      "version": "0.13.15",
      "resolved": "http://r.npm.jintencent.com/esbuild-linux-64/-/esbuild-linux-64-0.13.15.tgz",
      "integrity": "sha1-nLjkvNdXTmeUbk7l8fHhI4a7bdM=",
      "dev": true,
      "optional": true
    },
    "esbuild-linux-arm": {
      "version": "0.13.15",
      "resolved": "http://r.npm.jintencent.com/esbuild-linux-arm/-/esbuild-linux-arm-0.13.15.tgz",
      "integrity": "sha1-igDpnmoMbJprfzNIQTZNiitK7P4=",
      "dev": true,
      "optional": true
    },
    "esbuild-linux-arm64": {
      "version": "0.13.15",
      "resolved": "http://r.npm.jintencent.com/esbuild-linux-arm64/-/esbuild-linux-arm64-0.13.15.tgz",
      "integrity": "sha1-OJGqNwTsV5obktKlhhIuW2or+6E=",
      "dev": true,
      "optional": true
    },
    "esbuild-linux-mips64le": {
      "version": "0.13.15",
      "resolved": "http://r.npm.jintencent.com/esbuild-linux-mips64le/-/esbuild-linux-mips64le-0.13.15.tgz",
      "integrity": "sha1-NrB8xHw9IeSNs7sfTZ749Grq1Pc=",
      "dev": true,
      "optional": true
    },
    "esbuild-linux-ppc64le": {
      "version": "0.13.15",
      "resolved": "http://r.npm.jintencent.com/esbuild-linux-ppc64le/-/esbuild-linux-ppc64le-0.13.15.tgz",
      "integrity": "sha1-9+a7pAuaEeudyuWwFVDqBGcO2tI=",
      "dev": true,
      "optional": true
    },
    "esbuild-netbsd-64": {
      "version": "0.13.15",
      "resolved": "http://r.npm.jintencent.com/esbuild-netbsd-64/-/esbuild-netbsd-64-0.13.15.tgz",
      "integrity": "sha1-ov7cVJwrYp1YCnMthAcSsI1EADg=",
      "dev": true,
      "optional": true
    },
    "esbuild-openbsd-64": {
      "version": "0.13.15",
      "resolved": "http://r.npm.jintencent.com/esbuild-openbsd-64/-/esbuild-openbsd-64-0.13.15.tgz",
      "integrity": "sha1-siwOWAbTofvwMlhyA3+IUwawXNc=",
      "dev": true,
      "optional": true
    },
    "esbuild-sunos-64": {
      "version": "0.13.15",
      "resolved": "http://r.npm.jintencent.com/esbuild-sunos-64/-/esbuild-sunos-64-0.13.15.tgz",
      "integrity": "sha1-0LZFSog3XujTlk2u/1XIXJHHzvQ=",
      "dev": true,
      "optional": true
    },
    "esbuild-windows-32": {
      "version": "0.13.15",
      "resolved": "http://r.npm.jintencent.com/esbuild-windows-32/-/esbuild-windows-32-0.13.15.tgz",
      "integrity": "sha1-yW0Lm7tS8zAzIlgu+OSEfFrTdac=",
      "dev": true,
      "optional": true
    },
    "esbuild-windows-64": {
      "version": "0.13.15",
      "resolved": "http://r.npm.jintencent.com/esbuild-windows-64/-/esbuild-windows-64-0.13.15.tgz",
      "integrity": "sha1-H3nLmx4bsC+yXNQUy5DU6iiSwpQ=",
      "dev": true,
      "optional": true
    },
    "esbuild-windows-arm64": {
      "version": "0.13.15",
      "resolved": "http://r.npm.jintencent.com/esbuild-windows-arm64/-/esbuild-windows-arm64-0.13.15.tgz",
      "integrity": "sha1-SCFzBwgQ3yKnUsaGUJw3DDvjs8M=",
      "dev": true,
      "optional": true
    },
    "estree-walker": {
      "version": "2.0.2",
      "resolved": "http://r.npm.jintencent.com/estree-walker/-/estree-walker-2.0.2.tgz",
      "integrity": "sha1-UvAQF4wqTBF6d1fP6UKtt9LaTKw="
    },
    "fast-glob": {
      "version": "3.2.7",
      "resolved": "http://r.npm.jintencent.com/fast-glob/-/fast-glob-3.2.7.tgz",
      "integrity": "sha1-/Wy3otfpqnp4RhEehaGW1rL3ZqE=",
      "dev": true,
      "requires": {
        "@nodelib/fs.stat": "^2.0.2",
        "@nodelib/fs.walk": "^1.2.3",
        "glob-parent": "^5.1.2",
        "merge2": "^1.3.0",
        "micromatch": "^4.0.4"
      }
    },
    "fastq": {
      "version": "1.13.0",
      "resolved": "http://r.npm.jintencent.com/fastq/-/fastq-1.13.0.tgz",
      "integrity": "sha1-YWdg+Ip1Jr38WWt8q4wYk4w2uYw=",
      "dev": true,
      "requires": {
        "reusify": "^1.0.4"
      }
    },
    "fill-range": {
      "version": "7.0.1",
      "resolved": "http://r.npm.jintencent.com/fill-range/-/fill-range-7.0.1.tgz",
      "integrity": "sha1-GRmmp8df44ssfHflGYU12prN2kA=",
      "dev": true,
      "requires": {
        "to-regex-range": "^5.0.1"
      }
    },
    "fsevents": {
      "version": "2.3.2",
      "resolved": "http://r.npm.jintencent.com/fsevents/-/fsevents-2.3.2.tgz",
      "integrity": "sha1-ilJveLj99GI7cJ4Ll1xSwkwC/Ro=",
      "dev": true,
      "optional": true
    },
    "function-bind": {
      "version": "1.1.1",
      "resolved": "http://r.npm.jintencent.com/function-bind/-/function-bind-1.1.1.tgz",
      "integrity": "sha1-pWiZ0+o8m6uHS7l3O3xe3pL0iV0=",
      "dev": true
    },
    "glob-parent": {
      "version": "5.1.2",
      "resolved": "http://r.npm.jintencent.com/glob-parent/-/glob-parent-5.1.2.tgz",
      "integrity": "sha1-hpgyxYA0/mikCTwX3BXoNA2EAcQ=",
      "dev": true,
      "requires": {
        "is-glob": "^4.0.1"
      }
    },
    "has": {
      "version": "1.0.3",
      "resolved": "http://r.npm.jintencent.com/has/-/has-1.0.3.tgz",
      "integrity": "sha1-ci18v8H2qoJB8W3YFOAR4fQeh5Y=",
      "dev": true,
      "requires": {
        "function-bind": "^1.1.1"
      }
    },
    "is-core-module": {
      "version": "2.8.0",
      "resolved": "http://r.npm.jintencent.com/is-core-module/-/is-core-module-2.8.0.tgz",
      "integrity": "sha1-AyEzbD0JJeSX/Zf12VyxFKXM1Ug=",
      "dev": true,
      "requires": {
        "has": "^1.0.3"
      }
    },
    "is-extglob": {
      "version": "2.1.1",
      "resolved": "http://r.npm.jintencent.com/is-extglob/-/is-extglob-2.1.1.tgz",
      "integrity": "sha1-qIwCU1eR8C7TfHahueqXc8gz+MI=",
      "dev": true
    },
    "is-glob": {
      "version": "4.0.3",
      "resolved": "http://r.npm.jintencent.com/is-glob/-/is-glob-4.0.3.tgz",
      "integrity": "sha1-ZPYeQsu7LuwgcanawLKLoeZdUIQ=",
      "dev": true,
      "requires": {
        "is-extglob": "^2.1.1"
      }
    },
    "is-number": {
      "version": "7.0.0",
      "resolved": "http://r.npm.jintencent.com/is-number/-/is-number-7.0.0.tgz",
      "integrity": "sha1-dTU0W4lnNNX4DE0GxQlVUnoU8Ss=",
      "dev": true
    },
    "jiti": {
      "version": "1.12.9",
      "resolved": "http://r.npm.jintencent.com/jiti/-/jiti-1.12.9.tgz",
      "integrity": "sha1-LORbJlz8jckevXClIEgHz5FSkbw=",
      "dev": true
    },
    "kolorist": {
      "version": "1.5.1",
      "resolved": "http://r.npm.jintencent.com/kolorist/-/kolorist-1.5.1.tgz",
      "integrity": "sha512-lxpCM3HTvquGxKGzHeknB/sUjuVoUElLlfYnXZT73K8geR9jQbroGlSCFBax9/0mpGoD3kzcMLnOlGQPJJNyqQ==",
      "dev": true
    },
    "magic-string": {
      "version": "0.25.7",
      "resolved": "http://r.npm.jintencent.com/magic-string/-/magic-string-0.25.7.tgz",
      "integrity": "sha1-P0l9b9NMZpxnmNy4IfLvMfVEUFE=",
      "requires": {
        "sourcemap-codec": "^1.4.4"
      }
    },
    "merge2": {
      "version": "1.4.1",
      "resolved": "http://r.npm.jintencent.com/merge2/-/merge2-1.4.1.tgz",
      "integrity": "sha1-Q2iJL4hekHRVpv19xVwMnUBJkK4=",
      "dev": true
    },
    "micromatch": {
      "version": "4.0.4",
      "resolved": "http://r.npm.jintencent.com/micromatch/-/micromatch-4.0.4.tgz",
      "integrity": "sha1-iW1Rnf6dsl/OlM63pQCRm/iB6/k=",
      "dev": true,
      "requires": {
        "braces": "^3.0.1",
        "picomatch": "^2.2.3"
      }
    },
    "ms": {
      "version": "2.1.2",
      "resolved": "http://r.npm.jintencent.com/ms/-/ms-2.1.2.tgz",
      "integrity": "sha1-0J0fNXtEP0kzgqjrPM0YOHKuYAk=",
      "dev": true
    },
    "nanoid": {
      "version": "3.1.30",
      "resolved": "http://r.npm.jintencent.com/nanoid/-/nanoid-3.1.30.tgz",
      "integrity": "sha1-Y/k8xUjSoRPcXfvGO/oJ4rm2Q2I="
    },
    "path-parse": {
      "version": "1.0.7",
      "resolved": "http://r.npm.jintencent.com/path-parse/-/path-parse-1.0.7.tgz",
      "integrity": "sha1-+8EUtgykKzDZ2vWFjkvWi77bZzU=",
      "dev": true
    },
    "picocolors": {
      "version": "1.0.0",
      "resolved": "http://r.npm.jintencent.com/picocolors/-/picocolors-1.0.0.tgz",
      "integrity": "sha1-y1vcdP8/UYkiNur3nWi8RFZKuBw="
    },
    "picomatch": {
      "version": "2.3.0",
      "resolved": "http://r.npm.jintencent.com/picomatch/-/picomatch-2.3.0.tgz",
      "integrity": "sha1-8fBh3o9qS/AiiS4tEoI0+5gwKXI=",
      "dev": true
    },
    "postcss": {
      "version": "8.4.5",
      "resolved": "http://r.npm.jintencent.com/postcss/-/postcss-8.4.5.tgz",
      "integrity": "sha512-jBDboWM8qpaqwkMwItqTQTiFikhs/67OYVvblFFTM7MrZjt6yMKd6r2kgXizEbTTljacm4NldIlZnhbjr84QYg==",
      "requires": {
        "nanoid": "^3.1.30",
        "picocolors": "^1.0.0",
        "source-map-js": "^1.0.1"
      }
    },
    "queue-microtask": {
      "version": "1.2.3",
      "resolved": "http://r.npm.jintencent.com/queue-microtask/-/queue-microtask-1.2.3.tgz",
      "integrity": "sha1-SSkii7xyTfrEPg77BYyve2z7YkM=",
      "dev": true
    },
    "resolve": {
      "version": "1.20.0",
      "resolved": "http://r.npm.jintencent.com/resolve/-/resolve-1.20.0.tgz",
      "integrity": "sha1-YpoBP7P3B1XW8LeTXMHCxTeLGXU=",
      "dev": true,
      "requires": {
        "is-core-module": "^2.2.0",
        "path-parse": "^1.0.6"
      }
    },
    "reusify": {
      "version": "1.0.4",
      "resolved": "http://r.npm.jintencent.com/reusify/-/reusify-1.0.4.tgz",
      "integrity": "sha1-kNo4Kx4SbvwCFG6QhFqI2xKSXXY=",
      "dev": true
    },
    "rollup": {
      "version": "2.62.0",
      "resolved": "http://r.npm.jintencent.com/rollup/-/rollup-2.62.0.tgz",
      "integrity": "sha512-cJEQq2gwB0GWMD3rYImefQTSjrPYaC6s4J9pYqnstVLJ1CHa/aZNVkD4Epuvg4iLeMA4KRiq7UM7awKK6j7jcw==",
      "dev": true,
      "requires": {
        "fsevents": "~2.3.2"
      }
    },
    "run-parallel": {
      "version": "1.2.0",
      "resolved": "http://r.npm.jintencent.com/run-parallel/-/run-parallel-1.2.0.tgz",
      "integrity": "sha1-ZtE2jae9+SHrnZW9GpIp5/IaQ+4=",
      "dev": true,
      "requires": {
        "queue-microtask": "^1.2.2"
      }
    },
    "source-map": {
      "version": "0.6.1",
      "resolved": "http://r.npm.jintencent.com/source-map/-/source-map-0.6.1.tgz",
      "integrity": "sha1-dHIq8y6WFOnCh6jQu95IteLxomM="
    },
    "source-map-js": {
      "version": "1.0.1",
      "resolved": "http://r.npm.jintencent.com/source-map-js/-/source-map-js-1.0.1.tgz",
      "integrity": "sha1-oXQcEx48d9BIJSrfok4juQhnDK8="
    },
    "sourcemap-codec": {
      "version": "1.4.8",
      "resolved": "http://r.npm.jintencent.com/sourcemap-codec/-/sourcemap-codec-1.4.8.tgz",
      "integrity": "sha1-6oBL2UhXQC5pktBaOO8a41qatMQ="
    },
    "to-regex-range": {
      "version": "5.0.1",
      "resolved": "http://r.npm.jintencent.com/to-regex-range/-/to-regex-range-5.0.1.tgz",
      "integrity": "sha1-FkjESq58jZiKMmAY7XL1tN0DkuQ=",
      "dev": true,
      "requires": {
        "is-number": "^7.0.0"
      }
    },
    "vite": {
      "version": "2.7.8",
      "resolved": "http://r.npm.jintencent.com/vite/-/vite-2.7.8.tgz",
      "integrity": "sha512-NOgvRtXUq4/7srE2cTQ2IU1oERdGq2njVOlZtgRrjMO+PPJpncd61/AUzxzZklQ1zBkiWXEVrw3Csq0Sbgr0rQ==",
      "dev": true,
      "requires": {
        "esbuild": "^0.13.12",
        "fsevents": "~2.3.2",
        "postcss": "^8.4.5",
        "resolve": "^1.20.0",
        "rollup": "^2.59.0"
      }
    },
    "vite-plugin-windicss": {
      "version": "1.6.1",
      "resolved": "http://r.npm.jintencent.com/vite-plugin-windicss/-/vite-plugin-windicss-1.6.1.tgz",
      "integrity": "sha512-63uv4HqBxtSZB0WOtrZS8yhyfQPgGQwYgcBald+/BpLSlYJREcDKgX9Xd/qDgTAjpDRozxKQj/JWreIlyIahGg==",
      "dev": true,
      "requires": {
        "@windicss/plugin-utils": "1.6.1",
        "debug": "^4.3.3",
        "kolorist": "^1.5.1",
        "windicss": "^3.4.0"
      }
    },
    "vue": {
      "version": "3.2.26",
      "resolved": "http://r.npm.jintencent.com/vue/-/vue-3.2.26.tgz",
      "integrity": "sha512-KD4lULmskL5cCsEkfhERVRIOEDrfEL9CwAsLYpzptOGjaGFNWo3BQ9g8MAb7RaIO71rmVOziZ/uEN/rHwcUIhg==",
      "requires": {
        "@vue/compiler-dom": "3.2.26",
        "@vue/compiler-sfc": "3.2.26",
        "@vue/runtime-dom": "3.2.26",
        "@vue/server-renderer": "3.2.26",
        "@vue/shared": "3.2.26"
      }
    },
    "windicss": {
      "version": "3.4.1",
      "resolved": "http://r.npm.jintencent.com/windicss/-/windicss-3.4.1.tgz",
      "integrity": "sha512-g6mX0q8divtPT+TSWqvI35lc77pOhGwMrwCdcX48dFA16wUlSDn1kOv5z1msZy3SlWLx3Bjbe7FA6uNTvdVH8A==",
      "dev": true
    }
  }
}
